
Microsoft Visual Studio Solution File, Format Version 12.00
# Visual Studio Version 17
VisualStudioVersion = 17.8.34511.84
MinimumVisualStudioVersion = 10.0.40219.1
Project("{2150E333-8FDC-42A3-9474-1A3956D46DE8}") = "Solution Items", "Solution Items", "{AF61EAE3-162F-4C3F-A742-2D7A790F6ACB}"
	ProjectSection(SolutionItems) = preProject
		.editorconfig = .editorconfig
		Directory.Build.props = Directory.Build.props
		Directory.Build.targets = Directory.Build.targets
		Directory.Packages.props = Directory.Packages.props
		NuGet.config = NuGet.config
		README.md = README.md
	EndProjectSection
EndProject
Project("{2150E333-8FDC-42A3-9474-1A3956D46DE8}") = "workflows", "workflows", "{A6C2B154-F554-4EF7-8C9C-46C38BDDDD53}"
	ProjectSection(SolutionItems) = preProject
		.github\dependabot.yml = .github\dependabot.yml
		.github\workflows\release.yml = .github\workflows\release.yml
		.github\workflows\test.yml = .github\workflows\test.yml
	EndProjectSection
EndProject
Project("{FAE04EC0-301F-11D3-BF4B-00C04F79EFBC}") = "Plugin.ConfigurationHttp", "Plugin.ConfigurationHttp\Plugin.ConfigurationHttp.csproj", "{AEFAB2F8-6927-9254-07B8-C933FDF10C5C}"
EndProject
Global
	GlobalSection(SolutionConfigurationPlatforms) = preSolution
		Debug|Any CPU = Debug|Any CPU
		Release|Any CPU = Release|Any CPU
	EndGlobalSection
	GlobalSection(ProjectConfigurationPlatforms) = postSolution
		{AEFAB2F8-6927-9254-07B8-C933FDF10C5C}.Debug|Any CPU.ActiveCfg = Debug|Any CPU
		{AEFAB2F8-6927-9254-07B8-C933FDF10C5C}.Debug|Any CPU.Build.0 = Debug|Any CPU
		{AEFAB2F8-6927-9254-07B8-C933FDF10C5C}.Release|Any CPU.ActiveCfg = Release|Any CPU
		{AEFAB2F8-6927-9254-07B8-C933FDF10C5C}.Release|Any CPU.Build.0 = Release|Any CPU
	EndGlobalSection
	GlobalSection(SolutionProperties) = preSolution
		HideSolutionNode = FALSE
	EndGlobalSection
	GlobalSection(NestedProjects) = preSolution
		{A6C2B154-F554-4EF7-8C9C-46C38BDDDD53} = {AF61EAE3-162F-4C3F-A742-2D7A790F6ACB}
	EndGlobalSection
	GlobalSection(ExtensibilityGlobals) = postSolution
		SolutionGuid = {21EB8EB3-E97C-448C-8902-FAA9FF6F7232}
	EndGlobalSection
EndGlobal
